{
  "version": 4,
  "terraform_version": "1.0.1",
  "serial": 75,
  "lineage": "d7797911-9faf-976c-d444-80302fc13e9f",
  "outputs": {},
  "resources": [
    {
      "mode": "managed",
      "type": "azurerm_linux_virtual_machine",
      "name": "VM_Master",
      "provider": "provider[\"registry.terraform.io/hashicorp/azurerm\"]",
      "instances": [
        {
          "index_key": 0,
          "schema_version": 0,
          "attributes": {
            "additional_capabilities": [],
            "admin_password": null,
            "admin_ssh_key": [
              {
                "public_key": "ssh-rsa AAAAB3NzaC1yc2EAAAADAQABAAABgQDBzj1wMga6SViscTVmsv9FJ8OOQGSN5sRaM1vzAAO3tOQyw7KXULf8VnVh7vF4q/5yj07Nwzw6nTDZtpD2cWFO2zd9lVs2kaHkcb346ZDtQoodXXg2fpSoA1hNESSgfIMCR/p/t8lR3q1EP9UVBc+xuFByMrxek22ECTISDT88eKPeHFsBzq2b7CiASkA347OYP994AxcVL1H3fVDCVec92DCqv8pLeLjuXK+hNeqRbDrondqqMIh3Atd/SRGn/AbXqUDYVYzg1yPZWd1+ODMbSwXZzRiaOOiscy3HWyaDkeYP9y+yu5s3MzrR+j/ocKBYakYoSkacKKvS20GPjfOHRkO6Cv5/qbGM7vws4jRD8/7lMLuZSvZVV5o14Ei9d36ePOvXEgdMyCrPQD88Lu1UF13VxI0Qhk+WxDt4L4PrYqQwWM0mCrPqEUDKP2D71xPqz3AgxDm0apdrP2z4zKZd+INRgMVWTveKvwjEklfID4jGTqVaQwD8Sn8WyViY+T8= John@PC-JOHN\n",
                "username": "adminUsername"
              }
            ],
            "admin_username": "adminUsername",
            "allow_extension_operations": true,
            "availability_set_id": "",
            "boot_diagnostics": [
              {
                "storage_account_uri": "https://kubernetesstacc.blob.core.windows.net/"
              }
            ],
            "computer_name": "master1",
            "custom_data": null,
            "dedicated_host_id": "",
            "disable_password_authentication": true,
            "encryption_at_host_enabled": false,
            "eviction_policy": "",
            "extensions_time_budget": "PT1H30M",
            "id": "/subscriptions/07ad242c-7250-41b7-89a1-428939f58332/resourceGroups/kubernetes_rg/providers/Microsoft.Compute/virtualMachines/master1",
            "identity": [],
            "location": "eastus",
            "max_bid_price": -1,
            "name": "master1",
            "network_interface_ids": [
              "/subscriptions/07ad242c-7250-41b7-89a1-428939f58332/resourceGroups/kubernetes_rg/providers/Microsoft.Network/networkInterfaces/vmnic_m0"
            ],
            "os_disk": [
              {
                "caching": "ReadWrite",
                "diff_disk_settings": [],
                "disk_encryption_set_id": "",
                "disk_size_gb": 30,
                "name": "master1_OsDisk_1_bd429c74af9544d6b29077bf90f44174",
                "storage_account_type": "Standard_LRS",
                "write_accelerator_enabled": false
              }
            ],
            "plan": [
              {
                "name": "centos-8-stream-free",
                "product": "centos-8-stream-free",
                "publisher": "cognosys"
              }
            ],
            "priority": "Regular",
            "private_ip_address": "10.0.1.10",
            "private_ip_addresses": [
              "10.0.1.10"
            ],
            "provision_vm_agent": true,
            "proximity_placement_group_id": "",
            "public_ip_address": "52.255.201.87",
            "public_ip_addresses": [
              "52.255.201.87"
            ],
            "resource_group_name": "kubernetes_rg",
            "secret": [],
            "size": "Standard_D2_v3",
            "source_image_id": "",
            "source_image_reference": [
              {
                "offer": "centos-8-stream-free",
                "publisher": "cognosys",
                "sku": "centos-8-stream-free",
                "version": "1.2019.0810"
              }
            ],
            "tags": {
              "environment": "kubernetes"
            },
            "timeouts": null,
            "virtual_machine_id": "74e4adab-5005-4adc-8708-9e0ecd23b90b",
            "virtual_machine_scale_set_id": "",
            "zone": ""
          },
          "sensitive_attributes": [],
          "private": "eyJlMmJmYjczMC1lY2FhLTExZTYtOGY4OC0zNDM2M2JjN2M0YzAiOnsiY3JlYXRlIjoyNzAwMDAwMDAwMDAwLCJkZWxldGUiOjI3MDAwMDAwMDAwMDAsInJlYWQiOjMwMDAwMDAwMDAwMCwidXBkYXRlIjoyNzAwMDAwMDAwMDAwfX0=",
          "dependencies": [
            "azurerm_network_interface.myNicMaster",
            "azurerm_public_ip.myPublicIpM",
            "azurerm_resource_group.rg",
            "azurerm_storage_account.stAccount",
            "azurerm_subnet.mySubnet",
            "azurerm_virtual_network.myNet"
          ]
        }
      ]
    },
    {
      "mode": "managed",
      "type": "azurerm_linux_virtual_machine",
      "name": "VM_Worker",
      "provider": "provider[\"registry.terraform.io/hashicorp/azurerm\"]",
      "instances": [
        {
          "index_key": 0,
          "schema_version": 0,
          "attributes": {
            "additional_capabilities": [],
            "admin_password": null,
            "admin_ssh_key": [
              {
                "public_key": "ssh-rsa AAAAB3NzaC1yc2EAAAADAQABAAABgQDBzj1wMga6SViscTVmsv9FJ8OOQGSN5sRaM1vzAAO3tOQyw7KXULf8VnVh7vF4q/5yj07Nwzw6nTDZtpD2cWFO2zd9lVs2kaHkcb346ZDtQoodXXg2fpSoA1hNESSgfIMCR/p/t8lR3q1EP9UVBc+xuFByMrxek22ECTISDT88eKPeHFsBzq2b7CiASkA347OYP994AxcVL1H3fVDCVec92DCqv8pLeLjuXK+hNeqRbDrondqqMIh3Atd/SRGn/AbXqUDYVYzg1yPZWd1+ODMbSwXZzRiaOOiscy3HWyaDkeYP9y+yu5s3MzrR+j/ocKBYakYoSkacKKvS20GPjfOHRkO6Cv5/qbGM7vws4jRD8/7lMLuZSvZVV5o14Ei9d36ePOvXEgdMyCrPQD88Lu1UF13VxI0Qhk+WxDt4L4PrYqQwWM0mCrPqEUDKP2D71xPqz3AgxDm0apdrP2z4zKZd+INRgMVWTveKvwjEklfID4jGTqVaQwD8Sn8WyViY+T8= John@PC-JOHN\n",
                "username": "adminUsername"
              }
            ],
            "admin_username": "adminUsername",
            "allow_extension_operations": true,
            "availability_set_id": "",
            "boot_diagnostics": [
              {
                "storage_account_uri": "https://kubernetesstacc.blob.core.windows.net/"
              }
            ],
            "computer_name": "worker1",
            "custom_data": null,
            "dedicated_host_id": "",
            "disable_password_authentication": true,
            "encryption_at_host_enabled": false,
            "eviction_policy": "",
            "extensions_time_budget": "PT1H30M",
            "id": "/subscriptions/07ad242c-7250-41b7-89a1-428939f58332/resourceGroups/kubernetes_rg/providers/Microsoft.Compute/virtualMachines/worker1",
            "identity": [],
            "location": "eastus",
            "max_bid_price": -1,
            "name": "worker1",
            "network_interface_ids": [
              "/subscriptions/07ad242c-7250-41b7-89a1-428939f58332/resourceGroups/kubernetes_rg/providers/Microsoft.Network/networkInterfaces/vmnic_w0"
            ],
            "os_disk": [
              {
                "caching": "ReadWrite",
                "diff_disk_settings": [],
                "disk_encryption_set_id": "",
                "disk_size_gb": 30,
                "name": "worker1_OsDisk_1_13b2fcd5e26043a39fa776cf11fe06c7",
                "storage_account_type": "Standard_LRS",
                "write_accelerator_enabled": false
              }
            ],
            "plan": [
              {
                "name": "centos-8-stream-free",
                "product": "centos-8-stream-free",
                "publisher": "cognosys"
              }
            ],
            "priority": "Regular",
            "private_ip_address": "10.0.1.20",
            "private_ip_addresses": [
              "10.0.1.20"
            ],
            "provision_vm_agent": true,
            "proximity_placement_group_id": "",
            "public_ip_address": "40.121.84.22",
            "public_ip_addresses": [
              "40.121.84.22"
            ],
            "resource_group_name": "kubernetes_rg",
            "secret": [],
            "size": "Standard_A2_v2",
            "source_image_id": "",
            "source_image_reference": [
              {
                "offer": "centos-8-stream-free",
                "publisher": "cognosys",
                "sku": "centos-8-stream-free",
                "version": "1.2019.0810"
              }
            ],
            "tags": {
              "environment": "kubernetes"
            },
            "timeouts": null,
            "virtual_machine_id": "0033b180-9cb4-48c0-8442-9194ed207cd8",
            "virtual_machine_scale_set_id": "",
            "zone": ""
          },
          "sensitive_attributes": [],
          "private": "eyJlMmJmYjczMC1lY2FhLTExZTYtOGY4OC0zNDM2M2JjN2M0YzAiOnsiY3JlYXRlIjoyNzAwMDAwMDAwMDAwLCJkZWxldGUiOjI3MDAwMDAwMDAwMDAsInJlYWQiOjMwMDAwMDAwMDAwMCwidXBkYXRlIjoyNzAwMDAwMDAwMDAwfX0=",
          "dependencies": [
            "azurerm_network_interface.myNicWorker",
            "azurerm_public_ip.myPublicIpW",
            "azurerm_resource_group.rg",
            "azurerm_storage_account.stAccount",
            "azurerm_subnet.mySubnet",
            "azurerm_virtual_network.myNet"
          ]
        }
      ]
    },
    {
      "mode": "managed",
      "type": "azurerm_network_interface",
      "name": "myNicMaster",
      "provider": "provider[\"registry.terraform.io/hashicorp/azurerm\"]",
      "instances": [
        {
          "index_key": 0,
          "schema_version": 0,
          "attributes": {
            "applied_dns_servers": [],
            "dns_servers": [],
            "enable_accelerated_networking": false,
            "enable_ip_forwarding": false,
            "id": "/subscriptions/07ad242c-7250-41b7-89a1-428939f58332/resourceGroups/kubernetes_rg/providers/Microsoft.Network/networkInterfaces/vmnic_m0",
            "internal_dns_name_label": "",
            "internal_domain_name_suffix": "kshu4mscevcevbbnzffbpmgwtg.bx.internal.cloudapp.net",
            "ip_configuration": [
              {
                "name": "myipconfigurationm0",
                "primary": true,
                "private_ip_address": "10.0.1.10",
                "private_ip_address_allocation": "Static",
                "private_ip_address_version": "IPv4",
                "public_ip_address_id": "/subscriptions/07ad242c-7250-41b7-89a1-428939f58332/resourceGroups/kubernetes_rg/providers/Microsoft.Network/publicIPAddresses/vmip_m0",
                "subnet_id": "/subscriptions/07ad242c-7250-41b7-89a1-428939f58332/resourceGroups/kubernetes_rg/providers/Microsoft.Network/virtualNetworks/kubernetesnet/subnets/terraformsubnet"
              }
            ],
            "location": "eastus",
            "mac_address": "",
            "name": "vmnic_m0",
            "private_ip_address": "10.0.1.10",
            "private_ip_addresses": [
              "10.0.1.10"
            ],
            "resource_group_name": "kubernetes_rg",
            "tags": {
              "environment": "kubernetes"
            },
            "timeouts": null,
            "virtual_machine_id": ""
          },
          "sensitive_attributes": [],
          "private": "eyJlMmJmYjczMC1lY2FhLTExZTYtOGY4OC0zNDM2M2JjN2M0YzAiOnsiY3JlYXRlIjoxODAwMDAwMDAwMDAwLCJkZWxldGUiOjE4MDAwMDAwMDAwMDAsInJlYWQiOjMwMDAwMDAwMDAwMCwidXBkYXRlIjoxODAwMDAwMDAwMDAwfX0=",
          "dependencies": [
            "azurerm_public_ip.myPublicIpM",
            "azurerm_resource_group.rg",
            "azurerm_subnet.mySubnet",
            "azurerm_virtual_network.myNet"
          ]
        }
      ]
    },
    {
      "mode": "managed",
      "type": "azurerm_network_interface",
      "name": "myNicWorker",
      "provider": "provider[\"registry.terraform.io/hashicorp/azurerm\"]",
      "instances": [
        {
          "index_key": 0,
          "schema_version": 0,
          "attributes": {
            "applied_dns_servers": [],
            "dns_servers": [],
            "enable_accelerated_networking": false,
            "enable_ip_forwarding": false,
            "id": "/subscriptions/07ad242c-7250-41b7-89a1-428939f58332/resourceGroups/kubernetes_rg/providers/Microsoft.Network/networkInterfaces/vmnic_w0",
            "internal_dns_name_label": "",
            "internal_domain_name_suffix": "kshu4mscevcevbbnzffbpmgwtg.bx.internal.cloudapp.net",
            "ip_configuration": [
              {
                "name": "myipconfigurationw0",
                "primary": true,
                "private_ip_address": "10.0.1.20",
                "private_ip_address_allocation": "Static",
                "private_ip_address_version": "IPv4",
                "public_ip_address_id": "/subscriptions/07ad242c-7250-41b7-89a1-428939f58332/resourceGroups/kubernetes_rg/providers/Microsoft.Network/publicIPAddresses/vmip_w0",
                "subnet_id": "/subscriptions/07ad242c-7250-41b7-89a1-428939f58332/resourceGroups/kubernetes_rg/providers/Microsoft.Network/virtualNetworks/kubernetesnet/subnets/terraformsubnet"
              }
            ],
            "location": "eastus",
            "mac_address": "",
            "name": "vmnic_w0",
            "private_ip_address": "10.0.1.20",
            "private_ip_addresses": [
              "10.0.1.20"
            ],
            "resource_group_name": "kubernetes_rg",
            "tags": {
              "environment": "kubernetes"
            },
            "timeouts": null,
            "virtual_machine_id": ""
          },
          "sensitive_attributes": [],
          "private": "eyJlMmJmYjczMC1lY2FhLTExZTYtOGY4OC0zNDM2M2JjN2M0YzAiOnsiY3JlYXRlIjoxODAwMDAwMDAwMDAwLCJkZWxldGUiOjE4MDAwMDAwMDAwMDAsInJlYWQiOjMwMDAwMDAwMDAwMCwidXBkYXRlIjoxODAwMDAwMDAwMDAwfX0=",
          "dependencies": [
            "azurerm_public_ip.myPublicIpW",
            "azurerm_resource_group.rg",
            "azurerm_subnet.mySubnet",
            "azurerm_virtual_network.myNet"
          ]
        }
      ]
    },
    {
      "mode": "managed",
      "type": "azurerm_network_interface_security_group_association",
      "name": "mySecGroupAssociationM",
      "provider": "provider[\"registry.terraform.io/hashicorp/azurerm\"]",
      "instances": [
        {
          "index_key": 0,
          "schema_version": 0,
          "attributes": {
            "id": "/subscriptions/07ad242c-7250-41b7-89a1-428939f58332/resourceGroups/kubernetes_rg/providers/Microsoft.Network/networkInterfaces/vmnic_m0|/subscriptions/07ad242c-7250-41b7-89a1-428939f58332/resourceGroups/kubernetes_rg/providers/Microsoft.Network/networkSecurityGroups/sshtraffic",
            "network_interface_id": "/subscriptions/07ad242c-7250-41b7-89a1-428939f58332/resourceGroups/kubernetes_rg/providers/Microsoft.Network/networkInterfaces/vmnic_m0",
            "network_security_group_id": "/subscriptions/07ad242c-7250-41b7-89a1-428939f58332/resourceGroups/kubernetes_rg/providers/Microsoft.Network/networkSecurityGroups/sshtraffic",
            "timeouts": null
          },
          "sensitive_attributes": [],
          "private": "eyJlMmJmYjczMC1lY2FhLTExZTYtOGY4OC0zNDM2M2JjN2M0YzAiOnsiY3JlYXRlIjoxODAwMDAwMDAwMDAwLCJkZWxldGUiOjE4MDAwMDAwMDAwMDAsInJlYWQiOjMwMDAwMDAwMDAwMCwidXBkYXRlIjoxODAwMDAwMDAwMDAwfX0=",
          "dependencies": [
            "azurerm_network_interface.myNicMaster",
            "azurerm_network_security_group.mySecGroup",
            "azurerm_public_ip.myPublicIpM",
            "azurerm_resource_group.rg",
            "azurerm_subnet.mySubnet",
            "azurerm_virtual_network.myNet"
          ]
        }
      ]
    },
    {
      "mode": "managed",
      "type": "azurerm_network_interface_security_group_association",
      "name": "mySecGroupAssociationW",
      "provider": "provider[\"registry.terraform.io/hashicorp/azurerm\"]",
      "instances": [
        {
          "index_key": 0,
          "schema_version": 0,
          "attributes": {
            "id": "/subscriptions/07ad242c-7250-41b7-89a1-428939f58332/resourceGroups/kubernetes_rg/providers/Microsoft.Network/networkInterfaces/vmnic_w0|/subscriptions/07ad242c-7250-41b7-89a1-428939f58332/resourceGroups/kubernetes_rg/providers/Microsoft.Network/networkSecurityGroups/sshtraffic",
            "network_interface_id": "/subscriptions/07ad242c-7250-41b7-89a1-428939f58332/resourceGroups/kubernetes_rg/providers/Microsoft.Network/networkInterfaces/vmnic_w0",
            "network_security_group_id": "/subscriptions/07ad242c-7250-41b7-89a1-428939f58332/resourceGroups/kubernetes_rg/providers/Microsoft.Network/networkSecurityGroups/sshtraffic",
            "timeouts": null
          },
          "sensitive_attributes": [],
          "private": "eyJlMmJmYjczMC1lY2FhLTExZTYtOGY4OC0zNDM2M2JjN2M0YzAiOnsiY3JlYXRlIjoxODAwMDAwMDAwMDAwLCJkZWxldGUiOjE4MDAwMDAwMDAwMDAsInJlYWQiOjMwMDAwMDAwMDAwMCwidXBkYXRlIjoxODAwMDAwMDAwMDAwfX0=",
          "dependencies": [
            "azurerm_network_interface.myNicWorker",
            "azurerm_network_security_group.mySecGroup",
            "azurerm_public_ip.myPublicIpW",
            "azurerm_resource_group.rg",
            "azurerm_subnet.mySubnet",
            "azurerm_virtual_network.myNet"
          ]
        }
      ]
    },
    {
      "mode": "managed",
      "type": "azurerm_network_security_group",
      "name": "mySecGroup",
      "provider": "provider[\"registry.terraform.io/hashicorp/azurerm\"]",
      "instances": [
        {
          "schema_version": 0,
          "attributes": {
            "id": "/subscriptions/07ad242c-7250-41b7-89a1-428939f58332/resourceGroups/kubernetes_rg/providers/Microsoft.Network/networkSecurityGroups/sshtraffic",
            "location": "eastus",
            "name": "sshtraffic",
            "resource_group_name": "kubernetes_rg",
            "security_rule": [
              {
                "access": "Allow",
                "description": "",
                "destination_address_prefix": "*",
                "destination_address_prefixes": [],
                "destination_application_security_group_ids": [],
                "destination_port_range": "22",
                "destination_port_ranges": [],
                "direction": "Inbound",
                "name": "SSH",
                "priority": 1001,
                "protocol": "Tcp",
                "source_address_prefix": "*",
                "source_address_prefixes": [],
                "source_application_security_group_ids": [],
                "source_port_range": "*",
                "source_port_ranges": []
              }
            ],
            "tags": {
              "environment": "kubernetes"
            },
            "timeouts": null
          },
          "sensitive_attributes": [],
          "private": "eyJlMmJmYjczMC1lY2FhLTExZTYtOGY4OC0zNDM2M2JjN2M0YzAiOnsiY3JlYXRlIjoxODAwMDAwMDAwMDAwLCJkZWxldGUiOjE4MDAwMDAwMDAwMDAsInJlYWQiOjMwMDAwMDAwMDAwMCwidXBkYXRlIjoxODAwMDAwMDAwMDAwfX0=",
          "dependencies": [
            "azurerm_resource_group.rg"
          ]
        }
      ]
    },
    {
      "mode": "managed",
      "type": "azurerm_public_ip",
      "name": "myPublicIpM",
      "provider": "provider[\"registry.terraform.io/hashicorp/azurerm\"]",
      "instances": [
        {
          "index_key": 0,
          "schema_version": 0,
          "attributes": {
            "allocation_method": "Dynamic",
            "domain_name_label": null,
            "fqdn": null,
            "id": "/subscriptions/07ad242c-7250-41b7-89a1-428939f58332/resourceGroups/kubernetes_rg/providers/Microsoft.Network/publicIPAddresses/vmip_m0",
            "idle_timeout_in_minutes": 4,
            "ip_address": "",
            "ip_version": "IPv4",
            "location": "eastus",
            "name": "vmip_m0",
            "public_ip_prefix_id": null,
            "resource_group_name": "kubernetes_rg",
            "reverse_fqdn": null,
            "sku": "Basic",
            "tags": {
              "environment": "kubernetes"
            },
            "timeouts": null,
            "zones": null
          },
          "sensitive_attributes": [],
          "private": "eyJlMmJmYjczMC1lY2FhLTExZTYtOGY4OC0zNDM2M2JjN2M0YzAiOnsiY3JlYXRlIjoxODAwMDAwMDAwMDAwLCJkZWxldGUiOjE4MDAwMDAwMDAwMDAsInJlYWQiOjMwMDAwMDAwMDAwMCwidXBkYXRlIjoxODAwMDAwMDAwMDAwfX0=",
          "dependencies": [
            "azurerm_resource_group.rg"
          ]
        }
      ]
    },
    {
      "mode": "managed",
      "type": "azurerm_public_ip",
      "name": "myPublicIpW",
      "provider": "provider[\"registry.terraform.io/hashicorp/azurerm\"]",
      "instances": [
        {
          "index_key": 0,
          "schema_version": 0,
          "attributes": {
            "allocation_method": "Dynamic",
            "domain_name_label": null,
            "fqdn": null,
            "id": "/subscriptions/07ad242c-7250-41b7-89a1-428939f58332/resourceGroups/kubernetes_rg/providers/Microsoft.Network/publicIPAddresses/vmip_w0",
            "idle_timeout_in_minutes": 4,
            "ip_address": "",
            "ip_version": "IPv4",
            "location": "eastus",
            "name": "vmip_w0",
            "public_ip_prefix_id": null,
            "resource_group_name": "kubernetes_rg",
            "reverse_fqdn": null,
            "sku": "Basic",
            "tags": {
              "environment": "kubernetes"
            },
            "timeouts": null,
            "zones": null
          },
          "sensitive_attributes": [],
          "private": "eyJlMmJmYjczMC1lY2FhLTExZTYtOGY4OC0zNDM2M2JjN2M0YzAiOnsiY3JlYXRlIjoxODAwMDAwMDAwMDAwLCJkZWxldGUiOjE4MDAwMDAwMDAwMDAsInJlYWQiOjMwMDAwMDAwMDAwMCwidXBkYXRlIjoxODAwMDAwMDAwMDAwfX0=",
          "dependencies": [
            "azurerm_resource_group.rg"
          ]
        }
      ]
    },
    {
      "mode": "managed",
      "type": "azurerm_resource_group",
      "name": "rg",
      "provider": "provider[\"registry.terraform.io/hashicorp/azurerm\"]",
      "instances": [
        {
          "schema_version": 0,
          "attributes": {
            "id": "/subscriptions/07ad242c-7250-41b7-89a1-428939f58332/resourceGroups/kubernetes_rg",
            "location": "eastus",
            "name": "kubernetes_rg",
            "tags": {
              "environment": "kubernetes"
            },
            "timeouts": null
          },
          "sensitive_attributes": [],
          "private": "eyJlMmJmYjczMC1lY2FhLTExZTYtOGY4OC0zNDM2M2JjN2M0YzAiOnsiY3JlYXRlIjo1NDAwMDAwMDAwMDAwLCJkZWxldGUiOjU0MDAwMDAwMDAwMDAsInJlYWQiOjMwMDAwMDAwMDAwMCwidXBkYXRlIjo1NDAwMDAwMDAwMDAwfX0="
        }
      ]
    },
    {
      "mode": "managed",
      "type": "azurerm_storage_account",
      "name": "stAccount",
      "provider": "provider[\"registry.terraform.io/hashicorp/azurerm\"]",
      "instances": [
        {
          "schema_version": 2,
          "attributes": {
            "access_tier": "Hot",
            "account_kind": "StorageV2",
            "account_replication_type": "LRS",
            "account_tier": "Standard",
            "allow_blob_public_access": false,
            "blob_properties": [],
            "custom_domain": [],
            "enable_https_traffic_only": true,
            "id": "/subscriptions/07ad242c-7250-41b7-89a1-428939f58332/resourceGroups/kubernetes_rg/providers/Microsoft.Storage/storageAccounts/kubernetesstacc",
            "identity": [],
            "is_hns_enabled": false,
            "large_file_share_enabled": null,
            "location": "eastus",
            "min_tls_version": "TLS1_0",
            "name": "kubernetesstacc",
            "network_rules": [
              {
                "bypass": [
                  "AzureServices"
                ],
                "default_action": "Allow",
                "ip_rules": [],
                "virtual_network_subnet_ids": []
              }
            ],
            "primary_access_key": "6IWlkd/tCr57pHCbBMK6kvY10zWkPZNSpYvVMr81JGYqkqQSj4cQVEuarONn587yZGDRTJDKuJJiatPCRIVsXA==",
            "primary_blob_connection_string": "DefaultEndpointsProtocol=https;BlobEndpoint=https://kubernetesstacc.blob.core.windows.net/;AccountName=kubernetesstacc;AccountKey=6IWlkd/tCr57pHCbBMK6kvY10zWkPZNSpYvVMr81JGYqkqQSj4cQVEuarONn587yZGDRTJDKuJJiatPCRIVsXA==",
            "primary_blob_endpoint": "https://kubernetesstacc.blob.core.windows.net/",
            "primary_blob_host": "kubernetesstacc.blob.core.windows.net",
            "primary_connection_string": "DefaultEndpointsProtocol=https;AccountName=kubernetesstacc;AccountKey=6IWlkd/tCr57pHCbBMK6kvY10zWkPZNSpYvVMr81JGYqkqQSj4cQVEuarONn587yZGDRTJDKuJJiatPCRIVsXA==;EndpointSuffix=core.windows.net",
            "primary_dfs_endpoint": "https://kubernetesstacc.dfs.core.windows.net/",
            "primary_dfs_host": "kubernetesstacc.dfs.core.windows.net",
            "primary_file_endpoint": "https://kubernetesstacc.file.core.windows.net/",
            "primary_file_host": "kubernetesstacc.file.core.windows.net",
            "primary_location": "eastus",
            "primary_queue_endpoint": "https://kubernetesstacc.queue.core.windows.net/",
            "primary_queue_host": "kubernetesstacc.queue.core.windows.net",
            "primary_table_endpoint": "https://kubernetesstacc.table.core.windows.net/",
            "primary_table_host": "kubernetesstacc.table.core.windows.net",
            "primary_web_endpoint": "https://kubernetesstacc.z13.web.core.windows.net/",
            "primary_web_host": "kubernetesstacc.z13.web.core.windows.net",
            "queue_properties": [
              {
                "cors_rule": [],
                "hour_metrics": [
                  {
                    "enabled": true,
                    "include_apis": true,
                    "retention_policy_days": 7,
                    "version": "1.0"
                  }
                ],
                "logging": [
                  {
                    "delete": false,
                    "read": false,
                    "retention_policy_days": 0,
                    "version": "1.0",
                    "write": false
                  }
                ],
                "minute_metrics": [
                  {
                    "enabled": false,
                    "include_apis": false,
                    "retention_policy_days": 0,
                    "version": "1.0"
                  }
                ]
              }
            ],
            "resource_group_name": "kubernetes_rg",
            "secondary_access_key": "dnYM/WVpX00a5u2YsdG3u2+0jOWzBsf7ynDGJlolJz1RJ8WJ43ISFGeUtjBS0rCEYRNoW4CO1CpqgqdHeW/DgA==",
            "secondary_blob_connection_string": "",
            "secondary_blob_endpoint": null,
            "secondary_blob_host": null,
            "secondary_connection_string": "DefaultEndpointsProtocol=https;AccountName=kubernetesstacc;AccountKey=dnYM/WVpX00a5u2YsdG3u2+0jOWzBsf7ynDGJlolJz1RJ8WJ43ISFGeUtjBS0rCEYRNoW4CO1CpqgqdHeW/DgA==;EndpointSuffix=core.windows.net",
            "secondary_dfs_endpoint": null,
            "secondary_dfs_host": null,
            "secondary_file_endpoint": null,
            "secondary_file_host": null,
            "secondary_location": "",
            "secondary_queue_endpoint": null,
            "secondary_queue_host": null,
            "secondary_table_endpoint": null,
            "secondary_table_host": null,
            "secondary_web_endpoint": null,
            "secondary_web_host": null,
            "static_website": [],
            "tags": {
              "environment": "kubernetes"
            },
            "timeouts": null
          },
          "sensitive_attributes": [],
          "private": "eyJlMmJmYjczMC1lY2FhLTExZTYtOGY4OC0zNDM2M2JjN2M0YzAiOnsiY3JlYXRlIjozNjAwMDAwMDAwMDAwLCJkZWxldGUiOjM2MDAwMDAwMDAwMDAsInJlYWQiOjMwMDAwMDAwMDAwMCwidXBkYXRlIjozNjAwMDAwMDAwMDAwfSwic2NoZW1hX3ZlcnNpb24iOiIyIn0=",
          "dependencies": [
            "azurerm_resource_group.rg"
          ]
        }
      ]
    },
    {
      "mode": "managed",
      "type": "azurerm_subnet",
      "name": "mySubnet",
      "provider": "provider[\"registry.terraform.io/hashicorp/azurerm\"]",
      "instances": [
        {
          "schema_version": 0,
          "attributes": {
            "address_prefix": "10.0.1.0/24",
            "address_prefixes": [
              "10.0.1.0/24"
            ],
            "delegation": [],
            "enforce_private_link_endpoint_network_policies": false,
            "enforce_private_link_service_network_policies": false,
            "id": "/subscriptions/07ad242c-7250-41b7-89a1-428939f58332/resourceGroups/kubernetes_rg/providers/Microsoft.Network/virtualNetworks/kubernetesnet/subnets/terraformsubnet",
            "name": "terraformsubnet",
            "resource_group_name": "kubernetes_rg",
            "service_endpoint_policy_ids": null,
            "service_endpoints": null,
            "timeouts": null,
            "virtual_network_name": "kubernetesnet"
          },
          "sensitive_attributes": [],
          "private": "eyJlMmJmYjczMC1lY2FhLTExZTYtOGY4OC0zNDM2M2JjN2M0YzAiOnsiY3JlYXRlIjoxODAwMDAwMDAwMDAwLCJkZWxldGUiOjE4MDAwMDAwMDAwMDAsInJlYWQiOjMwMDAwMDAwMDAwMCwidXBkYXRlIjoxODAwMDAwMDAwMDAwfX0=",
          "dependencies": [
            "azurerm_resource_group.rg",
            "azurerm_virtual_network.myNet"
          ]
        }
      ]
    },
    {
      "mode": "managed",
      "type": "azurerm_virtual_network",
      "name": "myNet",
      "provider": "provider[\"registry.terraform.io/hashicorp/azurerm\"]",
      "instances": [
        {
          "schema_version": 0,
          "attributes": {
            "address_space": [
              "10.0.0.0/16"
            ],
            "bgp_community": "",
            "ddos_protection_plan": [],
            "dns_servers": null,
            "guid": "324f8f54-2542-4a44-842d-c94a17b0d69e",
            "id": "/subscriptions/07ad242c-7250-41b7-89a1-428939f58332/resourceGroups/kubernetes_rg/providers/Microsoft.Network/virtualNetworks/kubernetesnet",
            "location": "eastus",
            "name": "kubernetesnet",
            "resource_group_name": "kubernetes_rg",
            "subnet": [],
            "tags": {
              "environment": "kubernetes"
            },
            "timeouts": null,
            "vm_protection_enabled": false
          },
          "sensitive_attributes": [],
          "private": "eyJlMmJmYjczMC1lY2FhLTExZTYtOGY4OC0zNDM2M2JjN2M0YzAiOnsiY3JlYXRlIjoxODAwMDAwMDAwMDAwLCJkZWxldGUiOjE4MDAwMDAwMDAwMDAsInJlYWQiOjMwMDAwMDAwMDAwMCwidXBkYXRlIjoxODAwMDAwMDAwMDAwfX0=",
          "dependencies": [
            "azurerm_resource_group.rg"
          ]
        }
      ]
    }
  ]
}
